
Microsoft Visual Studio Solution File, Format Version 12.00
# Visual Studio Version 16
VisualStudioVersion = 16.0.30621.155
MinimumVisualStudioVersion = 10.0.40219.1
Project("{FAE04EC0-301F-11D3-BF4B-00C04F79EFBC}") = "BilleteraElectronicaForms", "BilleteraElectronicaForms\BilleteraElectronicaForms.csproj", "{6FD523DE-0AB5-45D5-9B2C-CE872739382B}"
EndProject
Project("{FAE04EC0-301F-11D3-BF4B-00C04F79EFBC}") = "BilleteraElectronicaBiblioteca", "BilleteraElectronicaBiblioteca\BilleteraElectronicaBiblioteca.csproj", "{94FD8591-0A75-434A-BCA9-6C7CF2FBC05E}"
EndProject
Project("{FAE04EC0-301F-11D3-BF4B-00C04F79EFBC}") = "BilleteraElectronicaPrueba", "BilleteraElectronicaPrueba\BilleteraElectronicaPrueba.csproj", "{6D350226-2D1F-4A42-A4E0-AA1F95E3298C}"
EndProject
Global
	GlobalSection(SolutionConfigurationPlatforms) = preSolution
		Debug|Any CPU = Debug|Any CPU
		Release|Any CPU = Release|Any CPU
	EndGlobalSection
	GlobalSection(ProjectConfigurationPlatforms) = postSolution
		{6FD523DE-0AB5-45D5-9B2C-CE872739382B}.Debug|Any CPU.ActiveCfg = Debug|Any CPU
		{6FD523DE-0AB5-45D5-9B2C-CE872739382B}.Debug|Any CPU.Build.0 = Debug|Any CPU
		{6FD523DE-0AB5-45D5-9B2C-CE872739382B}.Release|Any CPU.ActiveCfg = Release|Any CPU
		{6FD523DE-0AB5-45D5-9B2C-CE872739382B}.Release|Any CPU.Build.0 = Release|Any CPU
		{94FD8591-0A75-434A-BCA9-6C7CF2FBC05E}.Debug|Any CPU.ActiveCfg = Debug|Any CPU
		{94FD8591-0A75-434A-BCA9-6C7CF2FBC05E}.Debug|Any CPU.Build.0 = Debug|Any CPU
		{94FD8591-0A75-434A-BCA9-6C7CF2FBC05E}.Release|Any CPU.ActiveCfg = Release|Any CPU
		{94FD8591-0A75-434A-BCA9-6C7CF2FBC05E}.Release|Any CPU.Build.0 = Release|Any CPU
		{6D350226-2D1F-4A42-A4E0-AA1F95E3298C}.Debug|Any CPU.ActiveCfg = Debug|Any CPU
		{6D350226-2D1F-4A42-A4E0-AA1F95E3298C}.Debug|Any CPU.Build.0 = Debug|Any CPU
		{6D350226-2D1F-4A42-A4E0-AA1F95E3298C}.Release|Any CPU.ActiveCfg = Release|Any CPU
		{6D350226-2D1F-4A42-A4E0-AA1F95E3298C}.Release|Any CPU.Build.0 = Release|Any CPU
	EndGlobalSection
	GlobalSection(SolutionProperties) = preSolution
		HideSolutionNode = FALSE
	EndGlobalSection
	GlobalSection(ExtensibilityGlobals) = postSolution
		SolutionGuid = {97ECA7B1-9B51-4DB1-B73A-629D8E9CEAE9}
	EndGlobalSection
EndGlobal
